{
  "originHash" : "0d2dfc992846f971d758b32033eb69e806c925b5dcfa25f3795fd2d82599cddf",
  "pins" : [
    {
      "identity" : "capacitor-swift-pm",
      "kind" : "remoteSourceControl",
      "location" : "https://github.com/ionic-team/capacitor-swift-pm.git",
      "state" : {
        "branch" : "main",
        "revision" : "272e5dcd26260c6f3798b024c9cb3ffa52850ec7"
      }
    }
  ],
  "version" : 3
}
